{
  "requires": true,
  "lockfileVersion": 1,
  "dependencies": {
    "vue": {
      "version": "2.6.11",
      "resolved": "https://registry.npmjs.org/vue/-/vue-2.6.11.tgz",
      "integrity": "sha512-VfPwgcGABbGAue9+sfrD4PuwFar7gPb1yl1UK1MwXoQPAw0BKSqWfoYCT/ThFrdEVWoI51dBuyCoiNU9bZDZxQ=="
    },
    "vue-axios": {
      "version": "2.1.5",
      "resolved": "https://registry.npmjs.org/vue-axios/-/vue-axios-2.1.5.tgz",
      "integrity": "sha512-th5xVbInVoyIoe+qY+9GCflEVezxAvztD4xpFF39SRQYqpoKD2qkmX8yv08jJG9a2SgNOCjirjJGSwg/wTrbmA=="
    },
    "vue-datetime": {
      "version": "1.0.0-beta.11",
      "resolved": "https://registry.npmjs.org/vue-datetime/-/vue-datetime-1.0.0-beta.11.tgz",
      "integrity": "sha512-znOQCX0n4nPMsfcwAhlCL47u52NwnYPrlGrqiSsT1sLZgtZmfNMBVO/c0QF6VA5ZszVtopxU0fjZVxu/VpM/Ug=="
    },
    "vue-router": {
      "version": "3.1.6",
      "resolved": "https://registry.npmjs.org/vue-router/-/vue-router-3.1.6.tgz",
      "integrity": "sha512-GYhn2ynaZlysZMkFE5oCHRUTqE8BWs/a9YbKpNLi0i7xD6KG1EzDqpHQmv1F5gXjr8kL5iIVS8EOtRaVUEXTqA=="
    }
  }
}
